
Microsoft Visual Studio Solution File, Format Version 12.00
# Visual Studio Version 16
VisualStudioVersion = 16.0.29230.47
MinimumVisualStudioVersion = 10.0.40219.1
Project("{9A19103F-16F7-4668-BE54-9A1E7A4F7556}") = "CryptoExchangeApis.Interfaces", "CryptoExchangeApis.Interfaces\CryptoExchangeApis.Interfaces.csproj", "{A6B8F2EB-5897-47B6-B71C-EA4F0F2E6E0F}"
EndProject
Project("{FAE04EC0-301F-11D3-BF4B-00C04F79EFBC}") = "CryptoExchangeApis.KuCoin", "CryptoExchangeApis.KuCoin\CryptoExchangeApis.KuCoin.csproj", "{EA8434D0-524F-438D-B2E0-E030D0C0FEFC}"
EndProject
Global
	GlobalSection(SolutionConfigurationPlatforms) = preSolution
		Debug|Any CPU = Debug|Any CPU
		Release|Any CPU = Release|Any CPU
	EndGlobalSection
	GlobalSection(ProjectConfigurationPlatforms) = postSolution
		{A6B8F2EB-5897-47B6-B71C-EA4F0F2E6E0F}.Debug|Any CPU.ActiveCfg = Debug|Any CPU
		{A6B8F2EB-5897-47B6-B71C-EA4F0F2E6E0F}.Debug|Any CPU.Build.0 = Debug|Any CPU
		{A6B8F2EB-5897-47B6-B71C-EA4F0F2E6E0F}.Release|Any CPU.ActiveCfg = Release|Any CPU
		{A6B8F2EB-5897-47B6-B71C-EA4F0F2E6E0F}.Release|Any CPU.Build.0 = Release|Any CPU
		{EA8434D0-524F-438D-B2E0-E030D0C0FEFC}.Debug|Any CPU.ActiveCfg = Debug|Any CPU
		{EA8434D0-524F-438D-B2E0-E030D0C0FEFC}.Debug|Any CPU.Build.0 = Debug|Any CPU
		{EA8434D0-524F-438D-B2E0-E030D0C0FEFC}.Release|Any CPU.ActiveCfg = Release|Any CPU
		{EA8434D0-524F-438D-B2E0-E030D0C0FEFC}.Release|Any CPU.Build.0 = Release|Any CPU
	EndGlobalSection
	GlobalSection(SolutionProperties) = preSolution
		HideSolutionNode = FALSE
	EndGlobalSection
	GlobalSection(ExtensibilityGlobals) = postSolution
		SolutionGuid = {F87FAE50-F95C-46C8-8C67-93B96F9C93F3}
	EndGlobalSection
EndGlobal
